
Microsoft Visual Studio Solution File, Format Version 12.00
# Visual Studio Version 17
VisualStudioVersion = 17.5.002.0
MinimumVisualStudioVersion = 10.0.40219.1
Project("{9A19103F-16F7-4668-BE54-9A1E7A4F7556}") = "Assignment1", "Assignment1\Assignment1.csproj", "{7E548078-4FC3-4EEC-A47B-3A3B50A13CA0}"
EndProject
Global
	GlobalSection(SolutionConfigurationPlatforms) = preSolution
		Debug|Any CPU = Debug|Any CPU
		Release|Any CPU = Release|Any CPU
	EndGlobalSection
	GlobalSection(ProjectConfigurationPlatforms) = postSolution
		{7E548078-4FC3-4EEC-A47B-3A3B50A13CA0}.Debug|Any CPU.ActiveCfg = Debug|Any CPU
		{7E548078-4FC3-4EEC-A47B-3A3B50A13CA0}.Debug|Any CPU.Build.0 = Debug|Any CPU
		{7E548078-4FC3-4EEC-A47B-3A3B50A13CA0}.Release|Any CPU.ActiveCfg = Release|Any CPU
		{7E548078-4FC3-4EEC-A47B-3A3B50A13CA0}.Release|Any CPU.Build.0 = Release|Any CPU
	EndGlobalSection
	GlobalSection(SolutionProperties) = preSolution
		HideSolutionNode = FALSE
	EndGlobalSection
	GlobalSection(ExtensibilityGlobals) = postSolution
		SolutionGuid = {0E5D636C-C940-4516-ACE5-83873A6687F2}
	EndGlobalSection
EndGlobal
